
Microsoft Visual Studio Solution File, Format Version 12.00
# Visual Studio Version 16
VisualStudioVersion = 16.0.33529.622
MinimumVisualStudioVersion = 10.0.40219.1
Project("{FAE04EC0-301F-11D3-BF4B-00C04F79EFBC}") = "FurnitureSalon", "FurnitureSalon\FurnitureSalon.csproj", "{002CD534-9209-4E09-B55F-E070B073424F}"
EndProject
Global
	GlobalSection(SolutionConfigurationPlatforms) = preSolution
		Debug|Any CPU = Debug|Any CPU
		Release|Any CPU = Release|Any CPU
	EndGlobalSection
	GlobalSection(ProjectConfigurationPlatforms) = postSolution
		{002CD534-9209-4E09-B55F-E070B073424F}.Debug|Any CPU.ActiveCfg = Debug|Any CPU
		{002CD534-9209-4E09-B55F-E070B073424F}.Debug|Any CPU.Build.0 = Debug|Any CPU
		{002CD534-9209-4E09-B55F-E070B073424F}.Release|Any CPU.ActiveCfg = Release|Any CPU
		{002CD534-9209-4E09-B55F-E070B073424F}.Release|Any CPU.Build.0 = Release|Any CPU
	EndGlobalSection
	GlobalSection(SolutionProperties) = preSolution
		HideSolutionNode = FALSE
	EndGlobalSection
	GlobalSection(ExtensibilityGlobals) = postSolution
		SolutionGuid = {1543CAFA-723D-42C5-A26D-E903B59A738C}
	EndGlobalSection
EndGlobal
